// !$*UTF8*$!
{
	archiveVersion = 1;
	classes = {
	};
	objectVersion = 46;
	objects = {

/* Begin PBXBuildFile section */
		DB98D4A01B12F0EA004786A3 /* main.m in Sources */ = {isa = PBXBuildFile; fileRef = DB98D49F1B12F0EA004786A3 /* main.m */; };
		DB98D4A31B12F0EA004786A3 /* AppDelegate.m in Sources */ = {isa = PBXBuildFile; fileRef = DB98D4A21B12F0EA004786A3 /* AppDelegate.m */; };
		DB98D4A61B12F0EA004786A3 /* ViewController.m in Sources */ = {isa = PBXBuildFile; fileRef = DB98D4A51B12F0EA004786A3 /* ViewController.m */; };
		DB98D4A91B12F0EA004786A3 /* Main.storyboard in Resources */ = {isa = PBXBuildFile; fileRef = DB98D4A71B12F0EA004786A3 /* Main.storyboard */; };
		DB98D4AB1B12F0EA004786A3 /* Images.xcassets in Resources */ = {isa = PBXBuildFile; fileRef = DB98D4AA1B12F0EA004786A3 /* Images.xcassets */; };
		DB98D4AE1B12F0EA004786A3 /* LaunchScreen.xib in Resources */ = {isa = PBXBuildFile; fileRef = DB98D4AC1B12F0EA004786A3 /* LaunchScreen.xib */; };
		DB98D4BA1B12F0EA004786A3 /* WifiInfoTests.m in Sources */ = {isa = PBXBuildFile; fileRef = DB98D4B91B12F0EA004786A3 /* WifiInfoTests.m */; };
/* End PBXBuildFile section */

/* Begin PBXContainerItemProxy section */
		DB98D4B41B12F0EA004786A3 /* PBXContainerItemProxy */ = {
			isa = PBXContainerItemProxy;
			containerPortal = DB98D4921B12F0EA004786A3 /* Project object */;
			proxyType = 1;
			remoteGlobalIDString = DB98D4991B12F0EA004786A3;
			remoteInfo = WifiInfo;
		};
/* End PBXContainerItemProxy section */

/* Begin PBXFileReference section */
		DB98D49A1B12F0EA004786A3 /* WifiInfo.app */ = {isa = PBXFileReference; explicitFileType = wrapper.application; includeInIndex = 0; path = WifiInfo.app; sourceTree = BUILT_PRODUCTS_DIR; };
		DB98D49E1B12F0EA004786A3 /* Info.plist */ = {isa = PBXFileReference; lastKnownFileType = text.plist.xml; path = Info.plist; sourceTree = "<group>"; };
		DB98D49F1B12F0EA004786A3 /* main.m */ = {isa = PBXFileReference; lastKnownFileType = sourcecode.c.objc; path = main.m; sourceTree = "<group>"; };
		DB98D4A11B12F0EA004786A3 /* AppDelegate.h */ = {isa = PBXFileReference; lastKnownFileType = sourcecode.c.h; path = AppDelegate.h; sourceTree = "<group>"; };
		DB98D4A21B12F0EA004786A3 /* AppDelegate.m */ = {isa = PBXFileReference; lastKnownFileType = sourcecode.c.objc; path = AppDelegate.m; sourceTree = "<group>"; };
		DB98D4A41B12F0EA004786A3 /* ViewController.h */ = {isa = PBXFileReference; lastKnownFileType = sourcecode.c.h; path = ViewController.h; sourceTree = "<group>"; };
		DB98D4A51B12F0EA004786A3 /* ViewController.m */ = {isa = PBXFileReference; lastKnownFileType = sourcecode.c.objc; path = ViewController.m; sourceTree = "<group>"; };
		DB98D4A81B12F0EA004786A3 /* Base */ = {isa = PBXFileReference; lastKnownFileType = file.storyboard; name = Base; path = Base.lproj/Main.storyboard; sourceTree = "<group>"; };
		DB98D4AA1B12F0EA004786A3 /* Images.xcassets */ = {isa = PBXFileReference; lastKnownFileType = folder.assetcatalog; path = Images.xcassets; sourceTree = "<group>"; };
		DB98D4AD1B12F0EA004786A3 /* Base */ = {isa = PBXFileReference; lastKnownFileType = file.xib; name = Base; path = Base.lproj/LaunchScreen.xib; sourceTree = "<group>"; };
		DB98D4B31B12F0EA004786A3 /* WifiInfoTests.xctest */ = {isa = PBXFileReference; explicitFileType = wrapper.cfbundle; includeInIndex = 0; path = WifiInfoTests.xctest; sourceTree = BUILT_PRODUCTS_DIR; };
		DB98D4B81B12F0EA004786A3 /* Info.plist */ = {isa = PBXFileReference; lastKnownFileType = text.plist.xml; path = Info.plist; sourceTree = "<group>"; };
		DB98D4B91B12F0EA004786A3 /* WifiInfoTests.m */ = {isa = PBXFileReference; lastKnownFileType = sourcecode.c.objc; path = WifiInfoTests.m; sourceTree = "<group>"; };
/* End PBXFileReference section */

/* Begin PBXFrameworksBuildPhase section */
		DB98D4971B12F0EA004786A3 /* Frameworks */ = {
			isa = PBXFrameworksBuildPhase;
			buildActionMask = 2147483647;
			files = (
			);
			runOnlyForDeploymentPostprocessing = 0;
		};
		DB98D4B01B12F0EA004786A3 /* Frameworks */ = {
			isa = PBXFrameworksBuildPhase;
			buildActionMask = 2147483647;
			files = (
			);
			runOnlyForDeploymentPostprocessing = 0;
		};
/* End PBXFrameworksBuildPhase section */

/* Begin PBXGroup section */
		DB98D4911B12F0EA004786A3 = {
			isa = PBXGroup;
			children = (
				DB98D49C1B12F0EA004786A3 /* WifiInfo */,
				DB98D4B61B12F0EA004786A3 /* WifiInfoTests */,
				DB98D49B1B12F0EA004786A3 /* Products */,
			);
			sourceTree = "<group>";
		};
		DB98D49B1B12F0EA004786A3 /* Products */ = {
			isa = PBXGroup;
			children = (
				DB98D49A1B12F0EA004786A3 /* WifiInfo.app */,
				DB98D4B31B12F0EA004786A3 /* WifiInfoTests.xctest */,
			);
			name = Products;
			sourceTree = "<group>";
		};
		DB98D49C1B12F0EA004786A3 /* WifiInfo */ = {
			isa = PBXGroup;
			children = (
				DB98D4A11B12F0EA004786A3 /* AppDelegate.h */,
				DB98D4A21B12F0EA004786A3 /* AppDelegate.m */,
				DB98D4A41B12F0EA004786A3 /* ViewController.h */,
				DB98D4A51B12F0EA004786A3 /* ViewController.m */,
				DB98D4A71B12F0EA004786A3 /* Main.storyboard */,
				DB98D4AA1B12F0EA004786A3 /* Images.xcassets */,
				DB98D4AC1B12F0EA004786A3 /* LaunchScreen.xib */,
				DB98D49D1B12F0EA004786A3 /* Supporting Files */,
			);
			path = WifiInfo;
			sourceTree = "<group>";
		};
		DB98D49D1B12F0EA004786A3 /* Supporting Files */ = {
			isa = PBXGroup;
			children = (
				DB98D49E1B12F0EA004786A3 /* Info.plist */,
				DB98D49F1B12F0EA004786A3 /* main.m */,
			);
			name = "Supporting Files";
			sourceTree = "<group>";
		};
		DB98D4B61B12F0EA004786A3 /* WifiInfoTests */ = {
			isa = PBXGroup;
			children = (
				DB98D4B91B12F0EA004786A3 /* WifiInfoTests.m */,
				DB98D4B71B12F0EA004786A3 /* Supporting Files */,
			);
			path = WifiInfoTests;
			sourceTree = "<group>";
		};
		DB98D4B71B12F0EA004786A3 /* Supporting Files */ = {
			isa = PBXGroup;
			children = (
				DB98D4B81B12F0EA004786A3 /* Info.plist */,
			);
			name = "Supporting Files";
			sourceTree = "<group>";
		};
/* End PBXGroup section */

/* Begin PBXNativeTarget section */
		DB98D4991B12F0EA004786A3 /* WifiInfo */ = {
			isa = PBXNativeTarget;
			buildConfigurationList = DB98D4BD1B12F0EA004786A3 /* Build configuration list for PBXNativeTarget "WifiInfo" */;
			buildPhases = (
				DB98D4961B12F0EA004786A3 /* Sources */,
				DB98D4971B12F0EA004786A3 /* Frameworks */,
				DB98D4981B12F0EA004786A3 /* Resources */,
			);
			buildRules = (
			);
			dependencies = (
			);
			name = WifiInfo;
			productName = WifiInfo;
			productReference = DB98D49A1B12F0EA004786A3 /* WifiInfo.app */;
			productType = "com.apple.product-type.application";
		};
		DB98D4B21B12F0EA004786A3 /* WifiInfoTests */ = {
			isa = PBXNativeTarget;
			buildConfigurationList = DB98D4C01B12F0EA004786A3 /* Build configuration list for PBXNativeTarget "WifiInfoTests" */;
			buildPhases = (
				DB98D4AF1B12F0EA004786A3 /* Sources */,
				DB98D4B01B12F0EA004786A3 /* Frameworks */,
				DB98D4B11B12F0EA004786A3 /* Resources */,
			);
			buildRules = (
			);
			dependencies = (
				DB98D4B51B12F0EA004786A3 /* PBXTargetDependency */,
			);
			name = WifiInfoTests;
			productName = WifiInfoTests;
			productReference = DB98D4B31B12F0EA004786A3 /* WifiInfoTests.xctest */;
			productType = "com.apple.product-type.bundle.unit-test";
		};
/* End PBXNativeTarget section */

/* Begin PBXProject section */
		DB98D4921B12F0EA004786A3 /* Project object */ = {
			isa = PBXProject;
			attributes = {
				LastUpgradeCheck = 0640;
				ORGANIZATIONNAME = P;
				TargetAttributes = {
					DB98D4991B12F0EA004786A3 = {
						CreatedOnToolsVersion = 6.4;
					};
					DB98D4B21B12F0EA004786A3 = {
						CreatedOnToolsVersion = 6.4;
						TestTargetID = DB98D4991B12F0EA004786A3;
					};
				};
			};
			buildConfigurationList = DB98D4951B12F0EA004786A3 /* Build configuration list for PBXProject "WifiInfo" */;
			compatibilityVersion = "Xcode 3.2";
			developmentRegion = English;
			hasScannedForEncodings = 0;
			knownRegions = (
				en,
				Base,
			);
			mainGroup = DB98D4911B12F0EA004786A3;
			productRefGroup = DB98D49B1B12F0EA004786A3 /* Products */;
			projectDirPath = "";
			projectRoot = "";
			targets = (
				DB98D4991B12F0EA004786A3 /* WifiInfo */,
				DB98D4B21B12F0EA004786A3 /* WifiInfoTests */,
			);
		};
/* End PBXProject section */

/* Begin PBXResourcesBuildPhase section */
		DB98D4981B12F0EA004786A3 /* Resources */ = {
			isa = PBXResourcesBuildPhase;
			buildActionMask = 2147483647;
			files = (
				DB98D4A91B12F0EA004786A3 /* Main.storyboard in Resources */,
				DB98D4AE1B12F0EA004786A3 /* LaunchScreen.xib in Resources */,
				DB98D4AB1B12F0EA004786A3 /* Images.xcassets in Resources */,
			);
			runOnlyForDeploymentPostprocessing = 0;
		};
		DB98D4B11B12F0EA004786A3 /* Resources */ = {
			isa = PBXResourcesBuildPhase;
			buildActionMask = 2147483647;
			files = (
			);
			runOnlyForDeploymentPostprocessing = 0;
		};
/* End PBXResourcesBuildPhase section */

/* Begin PBXSourcesBuildPhase section */
		DB98D4961B12F0EA004786A3 /* Sources */ = {
			isa = PBXSourcesBuildPhase;
			buildActionMask = 2147483647;
			files = (
				DB98D4A61B12F0EA004786A3 /* ViewController.m in Sources */,
				DB98D4A31B12F0EA004786A3 /* AppDelegate.m in Sources */,
				DB98D4A01B12F0EA004786A3 /* main.m in Sources */,
			);
			runOnlyForDeploymentPostprocessing = 0;
		};
		DB98D4AF1B12F0EA004786A3 /* Sources */ = {
			isa = PBXSourcesBuildPhase;
			buildActionMask = 2147483647;
			files = (
				DB98D4BA1B12F0EA004786A3 /* WifiInfoTests.m in Sources */,
			);
			runOnlyForDeploymentPostprocessing = 0;
		};
/* End PBXSourcesBuildPhase section */

/* Begin PBXTargetDependency section */
		DB98D4B51B12F0EA004786A3 /* PBXTargetDependency */ = {
			isa = PBXTargetDependency;
			target = DB98D4991B12F0EA004786A3 /* WifiInfo */;
			targetProxy = DB98D4B41B12F0EA004786A3 /* PBXContainerItemProxy */;
		};
/* End PBXTargetDependency section */

/* Begin PBXVariantGroup section */
		DB98D4A71B12F0EA004786A3 /* Main.storyboard */ = {
			isa = PBXVariantGroup;
			children = (
				DB98D4A81B12F0EA004786A3 /* Base */,
			);
			name = Main.storyboard;
			sourceTree = "<group>";
		};
		DB98D4AC1B12F0EA004786A3 /* LaunchScreen.xib */ = {
			isa = PBXVariantGroup;
			children = (
				DB98D4AD1B12F0EA004786A3 /* Base */,
			);
			name = LaunchScreen.xib;
			sourceTree = "<group>";
		};
/* End PBXVariantGroup section */

/* Begin XCBuildConfiguration section */
		DB98D4BB1B12F0EA004786A3 /* Debug */ = {
			isa = XCBuildConfiguration;
			buildSettings = {
				ALWAYS_SEARCH_USER_PATHS = NO;
				CLANG_CXX_LANGUAGE_STANDARD = "gnu++0x";
				CLANG_CXX_LIBRARY = "libc++";
				CLANG_ENABLE_MODULES = YES;
				CLANG_ENABLE_OBJC_ARC = YES;
				CLANG_WARN_BOOL_CONVERSION = YES;
				CLANG_WARN_CONSTANT_CONVERSION = YES;
				CLANG_WARN_DIRECT_OBJC_ISA_USAGE = YES_ERROR;
				CLANG_WARN_EMPTY_BODY = YES;
				CLANG_WARN_ENUM_CONVERSION = YES;
				CLANG_WARN_INT_CONVERSION = YES;
				CLANG_WARN_OBJC_ROOT_CLASS = YES_ERROR;
				CLANG_WARN_UNREACHABLE_CODE = YES;
				CLANG_WARN__DUPLICATE_METHOD_MATCH = YES;
				"CODE_SIGN_IDENTITY[sdk=iphoneos*]" = "iPhone Developer";
				COPY_PHASE_STRIP = NO;
				DEBUG_INFORMATION_FORMAT = "dwarf-with-dsym";
				ENABLE_STRICT_OBJC_MSGSEND = YES;
				GCC_C_LANGUAGE_STANDARD = gnu99;
				GCC_DYNAMIC_NO_PIC = NO;
				GCC_NO_COMMON_BLOCKS = YES;
				GCC_OPTIMIZATION_LEVEL = 0;
				GCC_PREPROCESSOR_DEFINITIONS = (
					"DEBUG=1",
					"$(inherited)",
				);
				GCC_SYMBOLS_PRIVATE_EXTERN = NO;
				GCC_WARN_64_TO_32_BIT_CONVERSION = YES;
				GCC_WARN_ABOUT_RETURN_TYPE = YES_ERROR;
				GCC_WARN_UNDECLARED_SELECTOR = YES;
				GCC_WARN_UNINITIALIZED_AUTOS = YES_AGGRESSIVE;
				GCC_WARN_UNUSED_FUNCTION = YES;
				GCC_WARN_UNUSED_VARIABLE = YES;
				IPHONEOS_DEPLOYMENT_TARGET = 8.4;
				MTL_ENABLE_DEBUG_INFO = YES;
				ONLY_ACTIVE_ARCH = YES;
				SDKROOT = iphoneos;
			};
			name = Debug;
		};
		DB98D4BC1B12F0EA004786A3 /* Release */ = {
			isa = XCBuildConfiguration;
			buildSettings = {
				ALWAYS_SEARCH_USER_PATHS = NO;
				CLANG_CXX_LANGUAGE_STANDARD = "gnu++0x";
				CLANG_CXX_LIBRARY = "libc++";
				CLANG_ENABLE_MODULES = YES;
				CLANG_ENABLE_OBJC_ARC = YES;
				CLANG_WARN_BOOL_CONVERSION = YES;
				CLANG_WARN_CONSTANT_CONVERSION = YES;
				CLANG_WARN_DIRECT_OBJC_ISA_USAGE = YES_ERROR;
				CLANG_WARN_EMPTY_BODY = YES;
				CLANG_WARN_ENUM_CONVERSION = YES;
				CLANG_WARN_INT_CONVERSION = YES;
				CLANG_WARN_OBJC_ROOT_CLASS = YES_ERROR;
				CLANG_WARN_UNREACHABLE_CODE = YES;
				CLANG_WARN__DUPLICATE_METHOD_MATCH = YES;
				"CODE_SIGN_IDENTITY[sdk=iphoneos*]" = "iPhone Developer";
				COPY_PHASE_STRIP = NO;
				DEBUG_INFORMATION_FORMAT = "dwarf-with-dsym";
				ENABLE_NS_ASSERTIONS = NO;
				ENABLE_STRICT_OBJC_MSGSEND = YES;
				GCC_C_LANGUAGE_STANDARD = gnu99;
				GCC_NO_COMMON_BLOCKS = YES;
				GCC_WARN_64_TO_32_BIT_CONVERSION = YES;
				GCC_WARN_ABOUT_RETURN_TYPE = YES_ERROR;
				GCC_WARN_UNDECLARED_SELECTOR = YES;
				GCC_WARN_UNINITIALIZED_AUTOS = YES_AGGRESSIVE;
				GCC_WARN_UNUSED_FUNCTION = YES;
				GCC_WARN_UNUSED_VARIABLE = YES;
				IPHONEOS_DEPLOYMENT_TARGET = 8.4;
				MTL_ENABLE_DEBUG_INFO = NO;
				SDKROOT = iphoneos;
				VALIDATE_PRODUCT = YES;
			};
			name = Release;
		};
		DB98D4BE1B12F0EA004786A3 /* Debug */ = {
			isa = XCBuildConfiguration;
			buildSettings = {
				ASSETCATALOG_COMPILER_APPICON_NAME = AppIcon;
				INFOPLIST_FILE = WifiInfo/Info.plist;
				LD_RUNPATH_SEARCH_PATHS = "$(inherited) @executable_path/Frameworks";
				PRODUCT_NAME = "$(TARGET_NAME)";
			};
			name = Debug;
		};
		DB98D4BF1B12F0EA004786A3 /* Release */ = {
			isa = XCBuildConfiguration;
			buildSettings = {
				ASSETCATALOG_COMPILER_APPICON_NAME = AppIcon;
				INFOPLIST_FILE = WifiInfo/Info.plist;
				LD_RUNPATH_SEARCH_PATHS = "$(inherited) @executable_path/Frameworks";
				PRODUCT_NAME = "$(TARGET_NAME)";
			};
			name = Release;
		};
		DB98D4C11B12F0EA004786A3 /* Debug */ = {
			isa = XCBuildConfiguration;
			buildSettings = {
				BUNDLE_LOADER = "$(TEST_HOST)";
				FRAMEWORK_SEARCH_PATHS = (
					"$(SDKROOT)/Developer/Library/Frameworks",
					"$(inherited)",
				);
				GCC_PREPROCESSOR_DEFINITIONS = (
					"DEBUG=1",
					"$(inherited)",
				);
				INFOPLIST_FILE = WifiInfoTests/Info.plist;
				LD_RUNPATH_SEARCH_PATHS = "$(inherited) @executable_path/Frameworks @loader_path/Frameworks";
				PRODUCT_NAME = "$(TARGET_NAME)";
				TEST_HOST = "$(BUILT_PRODUCTS_DIR)/WifiInfo.app/WifiInfo";
			};
			name = Debug;
		};
		DB98D4C21B12F0EA004786A3 /* Release */ = {
			isa = XCBuildConfiguration;
			buildSettings = {
				BUNDLE_LOADER = "$(TEST_HOST)";
				FRAMEWORK_SEARCH_PATHS = (
					"$(SDKROOT)/Developer/Library/Frameworks",
					"$(inherited)",
				);
				INFOPLIST_FILE = WifiInfoTests/Info.plist;
				LD_RUNPATH_SEARCH_PATHS = "$(inherited) @executable_path/Frameworks @loader_path/Frameworks";
				PRODUCT_NAME = "$(TARGET_NAME)";
				TEST_HOST = "$(BUILT_PRODUCTS_DIR)/WifiInfo.app/WifiInfo";
			};
			name = Release;
		};
/* End XCBuildConfiguration section */

/* Begin XCConfigurationList section */
		DB98D4951B12F0EA004786A3 /* Build configuration list for PBXProject "WifiInfo" */ = {
			isa = XCConfigurationList;
			buildConfigurations = (
				DB98D4BB1B12F0EA004786A3 /* Debug */,
				DB98D4BC1B12F0EA004786A3 /* Release */,
			);
			defaultConfigurationIsVisible = 0;
			defaultConfigurationName = Release;
		};
		DB98D4BD1B12F0EA004786A3 /* Build configuration list for PBXNativeTarget "WifiInfo" */ = {
			isa = XCConfigurationList;
			buildConfigurations = (
				DB98D4BE1B12F0EA004786A3 /* Debug */,
				DB98D4BF1B12F0EA004786A3 /* Release */,
			);
			defaultConfigurationIsVisible = 0;
		};
		DB98D4C01B12F0EA004786A3 /* Build configuration list for PBXNativeTarget "WifiInfoTests" */ = {
			isa = XCConfigurationList;
			buildConfigurations = (
				DB98D4C11B12F0EA004786A3 /* Debug */,
				DB98D4C21B12F0EA004786A3 /* Release */,
			);
			defaultConfigurationIsVisible = 0;
		};
/* End XCConfigurationList section */
	};
	rootObject = DB98D4921B12F0EA004786A3 /* Project object */;
}
